// !$*UTF8*$!
{
	archiveVersion = 1;
	classes = {
	};
	objectVersion = 55;
	objects = {

/* Begin PBXBuildFile section */
		BD038AE6286B8FC0001144DB /* AppDelegate.swift in Sources */ = {isa = PBXBuildFile; fileRef = BD038AE5286B8FC0001144DB /* AppDelegate.swift */; };
		BD038AE8286B8FC0001144DB /* SceneDelegate.swift in Sources */ = {isa = PBXBuildFile; fileRef = BD038AE7286B8FC0001144DB /* SceneDelegate.swift */; };
		BD038AEA286B8FC0001144DB /* ViewController.swift in Sources */ = {isa = PBXBuildFile; fileRef = BD038AE9286B8FC0001144DB /* ViewController.swift */; };
		BD038AED286B8FC0001144DB /* Main.storyboard in Resources */ = {isa = PBXBuildFile; fileRef = BD038AEB286B8FC0001144DB /* Main.storyboard */; };
		BD038AF0286B8FC0001144DB /* FRESH_.xcdatamodeld in Sources */ = {isa = PBXBuildFile; fileRef = BD038AEE286B8FC0001144DB /* FRESH_.xcdatamodeld */; };
		BD038AF2286B8FC1001144DB /* Assets.xcassets in Resources */ = {isa = PBXBuildFile; fileRef = BD038AF1286B8FC1001144DB /* Assets.xcassets */; };
		BD038AF5286B8FC1001144DB /* LaunchScreen.storyboard in Resources */ = {isa = PBXBuildFile; fileRef = BD038AF3286B8FC1001144DB /* LaunchScreen.storyboard */; };
		BD0916D1286C988C00B31022 /* ShareViewController.swift in Sources */ = {isa = PBXBuildFile; fileRef = BD0916D0286C988C00B31022 /* ShareViewController.swift */; };
		BD0916D3286C98B200B31022 /* MapViewController.swift in Sources */ = {isa = PBXBuildFile; fileRef = BD0916D2286C98B200B31022 /* MapViewController.swift */; };
		BD0916D5286C98CC00B31022 /* EventsViewController.swift in Sources */ = {isa = PBXBuildFile; fileRef = BD0916D4286C98CC00B31022 /* EventsViewController.swift */; };
		BD22D5AE286DECAA00E997F9 /* Recipe_class.swift in Sources */ = {isa = PBXBuildFile; fileRef = BD22D5AD286DECAA00E997F9 /* Recipe_class.swift */; };
		BD22D5B0286DF5E900E997F9 /* WriteOutRecipeViewController.swift in Sources */ = {isa = PBXBuildFile; fileRef = BD22D5AF286DF5E900E997F9 /* WriteOutRecipeViewController.swift */; };
		BD29CEF2286E193300BC783F /* RecipesTableViewController.swift in Sources */ = {isa = PBXBuildFile; fileRef = BD29CEF1286E193300BC783F /* RecipesTableViewController.swift */; };
		BD29CEF4286E195400BC783F /* BlogTableViewController.swift in Sources */ = {isa = PBXBuildFile; fileRef = BD29CEF3286E195400BC783F /* BlogTableViewController.swift */; };
		BD29CEF6286E196D00BC783F /* EventsTableViewController.swift in Sources */ = {isa = PBXBuildFile; fileRef = BD29CEF5286E196D00BC783F /* EventsTableViewController.swift */; };
		BD6934D5286DFDB8007606C0 /* ProfileViewController.swift in Sources */ = {isa = PBXBuildFile; fileRef = BD6934D4286DFDB8007606C0 /* ProfileViewController.swift */; };
		BDE6B824286E479800A12FED /* AnimationViewController.swift in Sources */ = {isa = PBXBuildFile; fileRef = BDE6B823286E479800A12FED /* AnimationViewController.swift */; };
		BDE6B826286F36FA00A12FED /* UpcomingEventsViewController.swift in Sources */ = {isa = PBXBuildFile; fileRef = BDE6B825286F36FA00A12FED /* UpcomingEventsViewController.swift */; };
		BDE6B828286F373000A12FED /* FarmersMarketViewController.swift in Sources */ = {isa = PBXBuildFile; fileRef = BDE6B827286F373000A12FED /* FarmersMarketViewController.swift */; };
		BDE6B82A286F376300A12FED /* FoodPantriesViewController.swift in Sources */ = {isa = PBXBuildFile; fileRef = BDE6B829286F376300A12FED /* FoodPantriesViewController.swift */; };
		BDE6B82C286F378D00A12FED /* OtherViewController.swift in Sources */ = {isa = PBXBuildFile; fileRef = BDE6B82B286F378D00A12FED /* OtherViewController.swift */; };
/* End PBXBuildFile section */

/* Begin PBXFileReference section */
		BD038AE2286B8FC0001144DB /* FRESH..app */ = {isa = PBXFileReference; explicitFileType = wrapper.application; includeInIndex = 0; path = FRESH..app; sourceTree = BUILT_PRODUCTS_DIR; };
		BD038AE5286B8FC0001144DB /* AppDelegate.swift */ = {isa = PBXFileReference; lastKnownFileType = sourcecode.swift; path = AppDelegate.swift; sourceTree = "<group>"; };
		BD038AE7286B8FC0001144DB /* SceneDelegate.swift */ = {isa = PBXFileReference; lastKnownFileType = sourcecode.swift; path = SceneDelegate.swift; sourceTree = "<group>"; };
		BD038AE9286B8FC0001144DB /* ViewController.swift */ = {isa = PBXFileReference; lastKnownFileType = sourcecode.swift; path = ViewController.swift; sourceTree = "<group>"; };
		BD038AEC286B8FC0001144DB /* Base */ = {isa = PBXFileReference; lastKnownFileType = file.storyboard; name = Base; path = Base.lproj/Main.storyboard; sourceTree = "<group>"; };
		BD038AEF286B8FC0001144DB /* FRESH_.xcdatamodel */ = {isa = PBXFileReference; lastKnownFileType = wrapper.xcdatamodel; path = FRESH_.xcdatamodel; sourceTree = "<group>"; };
		BD038AF1286B8FC1001144DB /* Assets.xcassets */ = {isa = PBXFileReference; lastKnownFileType = folder.assetcatalog; path = Assets.xcassets; sourceTree = "<group>"; };
		BD038AF4286B8FC1001144DB /* Base */ = {isa = PBXFileReference; lastKnownFileType = file.storyboard; name = Base; path = Base.lproj/LaunchScreen.storyboard; sourceTree = "<group>"; };
		BD038AF6286B8FC1001144DB /* Info.plist */ = {isa = PBXFileReference; lastKnownFileType = text.plist.xml; path = Info.plist; sourceTree = "<group>"; };
		BD0916D0286C988C00B31022 /* ShareViewController.swift */ = {isa = PBXFileReference; lastKnownFileType = sourcecode.swift; path = ShareViewController.swift; sourceTree = "<group>"; };
		BD0916D2286C98B200B31022 /* MapViewController.swift */ = {isa = PBXFileReference; lastKnownFileType = sourcecode.swift; path = MapViewController.swift; sourceTree = "<group>"; };
		BD0916D4286C98CC00B31022 /* EventsViewController.swift */ = {isa = PBXFileReference; lastKnownFileType = sourcecode.swift; path = EventsViewController.swift; sourceTree = "<group>"; };
		BD22D5AD286DECAA00E997F9 /* Recipe_class.swift */ = {isa = PBXFileReference; lastKnownFileType = sourcecode.swift; path = Recipe_class.swift; sourceTree = "<group>"; };
		BD22D5AF286DF5E900E997F9 /* WriteOutRecipeViewController.swift */ = {isa = PBXFileReference; lastKnownFileType = sourcecode.swift; path = WriteOutRecipeViewController.swift; sourceTree = "<group>"; };
		BD29CEF1286E193300BC783F /* RecipesTableViewController.swift */ = {isa = PBXFileReference; lastKnownFileType = sourcecode.swift; path = RecipesTableViewController.swift; sourceTree = "<group>"; };
		BD29CEF3286E195400BC783F /* BlogTableViewController.swift */ = {isa = PBXFileReference; lastKnownFileType = sourcecode.swift; path = BlogTableViewController.swift; sourceTree = "<group>"; };
		BD29CEF5286E196D00BC783F /* EventsTableViewController.swift */ = {isa = PBXFileReference; lastKnownFileType = sourcecode.swift; path = EventsTableViewController.swift; sourceTree = "<group>"; };
		BD6934D4286DFDB8007606C0 /* ProfileViewController.swift */ = {isa = PBXFileReference; lastKnownFileType = sourcecode.swift; path = ProfileViewController.swift; sourceTree = "<group>"; };
		BDE6B823286E479800A12FED /* AnimationViewController.swift */ = {isa = PBXFileReference; lastKnownFileType = sourcecode.swift; path = AnimationViewController.swift; sourceTree = "<group>"; };
		BDE6B825286F36FA00A12FED /* UpcomingEventsViewController.swift */ = {isa = PBXFileReference; lastKnownFileType = sourcecode.swift; path = UpcomingEventsViewController.swift; sourceTree = "<group>"; };
		BDE6B827286F373000A12FED /* FarmersMarketViewController.swift */ = {isa = PBXFileReference; lastKnownFileType = sourcecode.swift; path = FarmersMarketViewController.swift; sourceTree = "<group>"; };
		BDE6B829286F376300A12FED /* FoodPantriesViewController.swift */ = {isa = PBXFileReference; lastKnownFileType = sourcecode.swift; path = FoodPantriesViewController.swift; sourceTree = "<group>"; };
		BDE6B82B286F378D00A12FED /* OtherViewController.swift */ = {isa = PBXFileReference; lastKnownFileType = sourcecode.swift; path = OtherViewController.swift; sourceTree = "<group>"; };
/* End PBXFileReference section */

/* Begin PBXFrameworksBuildPhase section */
		BD038ADF286B8FC0001144DB /* Frameworks */ = {
			isa = PBXFrameworksBuildPhase;
			buildActionMask = 2147483647;
			files = (
			);
			runOnlyForDeploymentPostprocessing = 0;
		};
/* End PBXFrameworksBuildPhase section */

/* Begin PBXGroup section */
		BD038AD9286B8FBF001144DB = {
			isa = PBXGroup;
			children = (
				BDE6B825286F36FA00A12FED /* UpcomingEventsViewController.swift */,
				BD038AE4286B8FC0001144DB /* FRESH. */,
				BD038AE3286B8FC0001144DB /* Products */,
			);
			sourceTree = "<group>";
		};
		BD038AE3286B8FC0001144DB /* Products */ = {
			isa = PBXGroup;
			children = (
				BD038AE2286B8FC0001144DB /* FRESH..app */,
			);
			name = Products;
			sourceTree = "<group>";
		};
		BD038AE4286B8FC0001144DB /* FRESH. */ = {
			isa = PBXGroup;
			children = (
				BD038AE5286B8FC0001144DB /* AppDelegate.swift */,
				BDE6B823286E479800A12FED /* AnimationViewController.swift */,
				BD038AE7286B8FC0001144DB /* SceneDelegate.swift */,
				BD038AE9286B8FC0001144DB /* ViewController.swift */,
				BD038AEB286B8FC0001144DB /* Main.storyboard */,
				BDE6B82B286F378D00A12FED /* OtherViewController.swift */,
				BDE6B829286F376300A12FED /* FoodPantriesViewController.swift */,
				BDE6B827286F373000A12FED /* FarmersMarketViewController.swift */,
				BD29CEF5286E196D00BC783F /* EventsTableViewController.swift */,
				BD29CEF3286E195400BC783F /* BlogTableViewController.swift */,
				BD29CEF1286E193300BC783F /* RecipesTableViewController.swift */,
				BD6934D4286DFDB8007606C0 /* ProfileViewController.swift */,
				BD22D5AF286DF5E900E997F9 /* WriteOutRecipeViewController.swift */,
				BD22D5AD286DECAA00E997F9 /* Recipe_class.swift */,
				BD0916D4286C98CC00B31022 /* EventsViewController.swift */,
				BD0916D2286C98B200B31022 /* MapViewController.swift */,
				BD0916D0286C988C00B31022 /* ShareViewController.swift */,
				BD038AF1286B8FC1001144DB /* Assets.xcassets */,
				BD038AF3286B8FC1001144DB /* LaunchScreen.storyboard */,
				BD038AF6286B8FC1001144DB /* Info.plist */,
				BD038AEE286B8FC0001144DB /* FRESH_.xcdatamodeld */,
			);
			path = FRESH.;
			sourceTree = "<group>";
		};
/* End PBXGroup section */

/* Begin PBXNativeTarget section */
		BD038AE1286B8FC0001144DB /* FRESH. */ = {
			isa = PBXNativeTarget;
			buildConfigurationList = BD038AF9286B8FC1001144DB /* Build configuration list for PBXNativeTarget "FRESH." */;
			buildPhases = (
				BD038ADE286B8FC0001144DB /* Sources */,
				BD038ADF286B8FC0001144DB /* Frameworks */,
				BD038AE0286B8FC0001144DB /* Resources */,
			);
			buildRules = (
			);
			dependencies = (
			);
			name = FRESH.;
			productName = FRESH.;
			productReference = BD038AE2286B8FC0001144DB /* FRESH..app */;
			productType = "com.apple.product-type.application";
		};
/* End PBXNativeTarget section */

/* Begin PBXProject section */
		BD038ADA286B8FBF001144DB /* Project object */ = {
			isa = PBXProject;
			attributes = {
				BuildIndependentTargetsInParallel = 1;
				LastSwiftUpdateCheck = 1340;
				LastUpgradeCheck = 1340;
				TargetAttributes = {
					BD038AE1286B8FC0001144DB = {
						CreatedOnToolsVersion = 13.4.1;
					};
				};
			};
			buildConfigurationList = BD038ADD286B8FBF001144DB /* Build configuration list for PBXProject "FRESH." */;
			compatibilityVersion = "Xcode 13.0";
			developmentRegion = en;
			hasScannedForEncodings = 0;
			knownRegions = (
				en,
				Base,
			);
			mainGroup = BD038AD9286B8FBF001144DB;
			productRefGroup = BD038AE3286B8FC0001144DB /* Products */;
			projectDirPath = "";
			projectRoot = "";
			targets = (
				BD038AE1286B8FC0001144DB /* FRESH. */,
			);
		};
/* End PBXProject section */

/* Begin PBXResourcesBuildPhase section */
		BD038AE0286B8FC0001144DB /* Resources */ = {
			isa = PBXResourcesBuildPhase;
			buildActionMask = 2147483647;
			files = (
				BD038AF5286B8FC1001144DB /* LaunchScreen.storyboard in Resources */,
				BD038AF2286B8FC1001144DB /* Assets.xcassets in Resources */,
				BD038AED286B8FC0001144DB /* Main.storyboard in Resources */,
			);
			runOnlyForDeploymentPostprocessing = 0;
		};
/* End PBXResourcesBuildPhase section */

/* Begin PBXSourcesBuildPhase section */
		BD038ADE286B8FC0001144DB /* Sources */ = {
			isa = PBXSourcesBuildPhase;
			buildActionMask = 2147483647;
			files = (
				BD038AEA286B8FC0001144DB /* ViewController.swift in Sources */,
				BDE6B82C286F378D00A12FED /* OtherViewController.swift in Sources */,
				BD29CEF6286E196D00BC783F /* EventsTableViewController.swift in Sources */,
				BD0916D3286C98B200B31022 /* MapViewController.swift in Sources */,
				BD22D5AE286DECAA00E997F9 /* Recipe_class.swift in Sources */,
				BDE6B826286F36FA00A12FED /* UpcomingEventsViewController.swift in Sources */,
				BD038AE6286B8FC0001144DB /* AppDelegate.swift in Sources */,
				BD0916D1286C988C00B31022 /* ShareViewController.swift in Sources */,
				BD0916D5286C98CC00B31022 /* EventsViewController.swift in Sources */,
				BD038AF0286B8FC0001144DB /* FRESH_.xcdatamodeld in Sources */,
				BD6934D5286DFDB8007606C0 /* ProfileViewController.swift in Sources */,
				BDE6B824286E479800A12FED /* AnimationViewController.swift in Sources */,
				BD29CEF2286E193300BC783F /* RecipesTableViewController.swift in Sources */,
				BD038AE8286B8FC0001144DB /* SceneDelegate.swift in Sources */,
				BDE6B828286F373000A12FED /* FarmersMarketViewController.swift in Sources */,
				BDE6B82A286F376300A12FED /* FoodPantriesViewController.swift in Sources */,
				BD22D5B0286DF5E900E997F9 /* WriteOutRecipeViewController.swift in Sources */,
				BD29CEF4286E195400BC783F /* BlogTableViewController.swift in Sources */,
			);
			runOnlyForDeploymentPostprocessing = 0;
		};
/* End PBXSourcesBuildPhase section */

/* Begin PBXVariantGroup section */
		BD038AEB286B8FC0001144DB /* Main.storyboard */ = {
			isa = PBXVariantGroup;
			children = (
				BD038AEC286B8FC0001144DB /* Base */,
			);
			name = Main.storyboard;
			sourceTree = "<group>";
		};
		BD038AF3286B8FC1001144DB /* LaunchScreen.storyboard */ = {
			isa = PBXVariantGroup;
			children = (
				BD038AF4286B8FC1001144DB /* Base */,
			);
			name = LaunchScreen.storyboard;
			sourceTree = "<group>";
		};
/* End PBXVariantGroup section */

/* Begin XCBuildConfiguration section */
		BD038AF7286B8FC1001144DB /* Debug */ = {
			isa = XCBuildConfiguration;
			buildSettings = {
				ALWAYS_SEARCH_USER_PATHS = NO;
				CLANG_ANALYZER_NONNULL = YES;
				CLANG_ANALYZER_NUMBER_OBJECT_CONVERSION = YES_AGGRESSIVE;
				CLANG_CXX_LANGUAGE_STANDARD = "gnu++17";
				CLANG_ENABLE_MODULES = YES;
				CLANG_ENABLE_OBJC_ARC = YES;
				CLANG_ENABLE_OBJC_WEAK = YES;
				CLANG_WARN_BLOCK_CAPTURE_AUTORELEASING = YES;
				CLANG_WARN_BOOL_CONVERSION = YES;
				CLANG_WARN_COMMA = YES;
				CLANG_WARN_CONSTANT_CONVERSION = YES;
				CLANG_WARN_DEPRECATED_OBJC_IMPLEMENTATIONS = YES;
				CLANG_WARN_DIRECT_OBJC_ISA_USAGE = YES_ERROR;
				CLANG_WARN_DOCUMENTATION_COMMENTS = YES;
				CLANG_WARN_EMPTY_BODY = YES;
				CLANG_WARN_ENUM_CONVERSION = YES;
				CLANG_WARN_INFINITE_RECURSION = YES;
				CLANG_WARN_INT_CONVERSION = YES;
				CLANG_WARN_NON_LITERAL_NULL_CONVERSION = YES;
				CLANG_WARN_OBJC_IMPLICIT_RETAIN_SELF = YES;
				CLANG_WARN_OBJC_LITERAL_CONVERSION = YES;
				CLANG_WARN_OBJC_ROOT_CLASS = YES_ERROR;
				CLANG_WARN_QUOTED_INCLUDE_IN_FRAMEWORK_HEADER = YES;
				CLANG_WARN_RANGE_LOOP_ANALYSIS = YES;
				CLANG_WARN_STRICT_PROTOTYPES = YES;
				CLANG_WARN_SUSPICIOUS_MOVE = YES;
				CLANG_WARN_UNGUARDED_AVAILABILITY = YES_AGGRESSIVE;
				CLANG_WARN_UNREACHABLE_CODE = YES;
				CLANG_WARN__DUPLICATE_METHOD_MATCH = YES;
				COPY_PHASE_STRIP = NO;
				DEBUG_INFORMATION_FORMAT = dwarf;
				ENABLE_STRICT_OBJC_MSGSEND = YES;
				ENABLE_TESTABILITY = YES;
				GCC_C_LANGUAGE_STANDARD = gnu11;
				GCC_DYNAMIC_NO_PIC = NO;
				GCC_NO_COMMON_BLOCKS = YES;
				GCC_OPTIMIZATION_LEVEL = 0;
				GCC_PREPROCESSOR_DEFINITIONS = (
					"DEBUG=1",
					"$(inherited)",
				);
				GCC_WARN_64_TO_32_BIT_CONVERSION = YES;
				GCC_WARN_ABOUT_RETURN_TYPE = YES_ERROR;
				GCC_WARN_UNDECLARED_SELECTOR = YES;
				GCC_WARN_UNINITIALIZED_AUTOS = YES_AGGRESSIVE;
				GCC_WARN_UNUSED_FUNCTION = YES;
				GCC_WARN_UNUSED_VARIABLE = YES;
				IPHONEOS_DEPLOYMENT_TARGET = 15.5;
				MTL_ENABLE_DEBUG_INFO = INCLUDE_SOURCE;
				MTL_FAST_MATH = YES;
				ONLY_ACTIVE_ARCH = YES;
				SDKROOT = iphoneos;
				SWIFT_ACTIVE_COMPILATION_CONDITIONS = DEBUG;
				SWIFT_OPTIMIZATION_LEVEL = "-Onone";
			};
			name = Debug;
		};
		BD038AF8286B8FC1001144DB /* Release */ = {
			isa = XCBuildConfiguration;
			buildSettings = {
				ALWAYS_SEARCH_USER_PATHS = NO;
				CLANG_ANALYZER_NONNULL = YES;
				CLANG_ANALYZER_NUMBER_OBJECT_CONVERSION = YES_AGGRESSIVE;
				CLANG_CXX_LANGUAGE_STANDARD = "gnu++17";
				CLANG_ENABLE_MODULES = YES;
				CLANG_ENABLE_OBJC_ARC = YES;
				CLANG_ENABLE_OBJC_WEAK = YES;
				CLANG_WARN_BLOCK_CAPTURE_AUTORELEASING = YES;
				CLANG_WARN_BOOL_CONVERSION = YES;
				CLANG_WARN_COMMA = YES;
				CLANG_WARN_CONSTANT_CONVERSION = YES;
				CLANG_WARN_DEPRECATED_OBJC_IMPLEMENTATIONS = YES;
				CLANG_WARN_DIRECT_OBJC_ISA_USAGE = YES_ERROR;
				CLANG_WARN_DOCUMENTATION_COMMENTS = YES;
				CLANG_WARN_EMPTY_BODY = YES;
				CLANG_WARN_ENUM_CONVERSION = YES;
				CLANG_WARN_INFINITE_RECURSION = YES;
				CLANG_WARN_INT_CONVERSION = YES;
				CLANG_WARN_NON_LITERAL_NULL_CONVERSION = YES;
				CLANG_WARN_OBJC_IMPLICIT_RETAIN_SELF = YES;
				CLANG_WARN_OBJC_LITERAL_CONVERSION = YES;
				CLANG_WARN_OBJC_ROOT_CLASS = YES_ERROR;
				CLANG_WARN_QUOTED_INCLUDE_IN_FRAMEWORK_HEADER = YES;
				CLANG_WARN_RANGE_LOOP_ANALYSIS = YES;
				CLANG_WARN_STRICT_PROTOTYPES = YES;
				CLANG_WARN_SUSPICIOUS_MOVE = YES;
				CLANG_WARN_UNGUARDED_AVAILABILITY = YES_AGGRESSIVE;
				CLANG_WARN_UNREACHABLE_CODE = YES;
				CLANG_WARN__DUPLICATE_METHOD_MATCH = YES;
				COPY_PHASE_STRIP = NO;
				DEBUG_INFORMATION_FORMAT = "dwarf-with-dsym";
				ENABLE_NS_ASSERTIONS = NO;
				ENABLE_STRICT_OBJC_MSGSEND = YES;
				GCC_C_LANGUAGE_STANDARD = gnu11;
				GCC_NO_COMMON_BLOCKS = YES;
				GCC_WARN_64_TO_32_BIT_CONVERSION = YES;
				GCC_WARN_ABOUT_RETURN_TYPE = YES_ERROR;
				GCC_WARN_UNDECLARED_SELECTOR = YES;
				GCC_WARN_UNINITIALIZED_AUTOS = YES_AGGRESSIVE;
				GCC_WARN_UNUSED_FUNCTION = YES;
				GCC_WARN_UNUSED_VARIABLE = YES;
				IPHONEOS_DEPLOYMENT_TARGET = 15.5;
				MTL_ENABLE_DEBUG_INFO = NO;
				MTL_FAST_MATH = YES;
				SDKROOT = iphoneos;
				SWIFT_COMPILATION_MODE = wholemodule;
				SWIFT_OPTIMIZATION_LEVEL = "-O";
				VALIDATE_PRODUCT = YES;
			};
			name = Release;
		};
		BD038AFA286B8FC1001144DB /* Debug */ = {
			isa = XCBuildConfiguration;
			buildSettings = {
				ASSETCATALOG_COMPILER_APPICON_NAME = AppIcon;
				ASSETCATALOG_COMPILER_GLOBAL_ACCENT_COLOR_NAME = AccentColor;
				CODE_SIGN_STYLE = Automatic;
				CURRENT_PROJECT_VERSION = 1;
				GENERATE_INFOPLIST_FILE = YES;
				INFOPLIST_FILE = FRESH./Info.plist;
				INFOPLIST_KEY_UIApplicationSupportsIndirectInputEvents = YES;
				INFOPLIST_KEY_UILaunchStoryboardName = LaunchScreen;
				INFOPLIST_KEY_UIMainStoryboardFile = Main;
				INFOPLIST_KEY_UISupportedInterfaceOrientations_iPad = "UIInterfaceOrientationPortrait UIInterfaceOrientationPortraitUpsideDown UIInterfaceOrientationLandscapeLeft UIInterfaceOrientationLandscapeRight";
				INFOPLIST_KEY_UISupportedInterfaceOrientations_iPhone = "UIInterfaceOrientationPortrait UIInterfaceOrientationLandscapeLeft UIInterfaceOrientationLandscapeRight";
				LD_RUNPATH_SEARCH_PATHS = (
					"$(inherited)",
					"@executable_path/Frameworks",
				);
				MARKETING_VERSION = 1.0;
				PRODUCT_BUNDLE_IDENTIFIER = "sample.FRESH-";
				PRODUCT_NAME = "$(TARGET_NAME)";
				SWIFT_EMIT_LOC_STRINGS = YES;
				SWIFT_VERSION = 5.0;
				TARGETED_DEVICE_FAMILY = "1,2";
			};
			name = Debug;
		};
		BD038AFB286B8FC1001144DB /* Release */ = {
			isa = XCBuildConfiguration;
			buildSettings = {
				ASSETCATALOG_COMPILER_APPICON_NAME = AppIcon;
				ASSETCATALOG_COMPILER_GLOBAL_ACCENT_COLOR_NAME = AccentColor;
				CODE_SIGN_STYLE = Automatic;
				CURRENT_PROJECT_VERSION = 1;
				GENERATE_INFOPLIST_FILE = YES;
				INFOPLIST_FILE = FRESH./Info.plist;
				INFOPLIST_KEY_UIApplicationSupportsIndirectInputEvents = YES;
				INFOPLIST_KEY_UILaunchStoryboardName = LaunchScreen;
				INFOPLIST_KEY_UIMainStoryboardFile = Main;
				INFOPLIST_KEY_UISupportedInterfaceOrientations_iPad = "UIInterfaceOrientationPortrait UIInterfaceOrientationPortraitUpsideDown UIInterfaceOrientationLandscapeLeft UIInterfaceOrientationLandscapeRight";
				INFOPLIST_KEY_UISupportedInterfaceOrientations_iPhone = "UIInterfaceOrientationPortrait UIInterfaceOrientationLandscapeLeft UIInterfaceOrientationLandscapeRight";
				LD_RUNPATH_SEARCH_PATHS = (
					"$(inherited)",
					"@executable_path/Frameworks",
				);
				MARKETING_VERSION = 1.0;
				PRODUCT_BUNDLE_IDENTIFIER = "sample.FRESH-";
				PRODUCT_NAME = "$(TARGET_NAME)";
				SWIFT_EMIT_LOC_STRINGS = YES;
				SWIFT_VERSION = 5.0;
				TARGETED_DEVICE_FAMILY = "1,2";
			};
			name = Release;
		};
/* End XCBuildConfiguration section */

/* Begin XCConfigurationList section */
		BD038ADD286B8FBF001144DB /* Build configuration list for PBXProject "FRESH." */ = {
			isa = XCConfigurationList;
			buildConfigurations = (
				BD038AF7286B8FC1001144DB /* Debug */,
				BD038AF8286B8FC1001144DB /* Release */,
			);
			defaultConfigurationIsVisible = 0;
			defaultConfigurationName = Release;
		};
		BD038AF9286B8FC1001144DB /* Build configuration list for PBXNativeTarget "FRESH." */ = {
			isa = XCConfigurationList;
			buildConfigurations = (
				BD038AFA286B8FC1001144DB /* Debug */,
				BD038AFB286B8FC1001144DB /* Release */,
			);
			defaultConfigurationIsVisible = 0;
			defaultConfigurationName = Release;
		};
/* End XCConfigurationList section */

/* Begin XCVersionGroup section */
		BD038AEE286B8FC0001144DB /* FRESH_.xcdatamodeld */ = {
			isa = XCVersionGroup;
			children = (
				BD038AEF286B8FC0001144DB /* FRESH_.xcdatamodel */,
			);
			currentVersion = BD038AEF286B8FC0001144DB /* FRESH_.xcdatamodel */;
			path = FRESH_.xcdatamodeld;
			sourceTree = "<group>";
			versionGroupType = wrapper.xcdatamodel;
		};
/* End XCVersionGroup section */
	};
	rootObject = BD038ADA286B8FBF001144DB /* Project object */;
}
